
Microsoft Visual Studio Solution File, Format Version 12.00
# Visual Studio Version 17
VisualStudioVersion = 17.6.33815.320
MinimumVisualStudioVersion = 10.0.40219.1
Project("{8BC9CEB8-8B4A-11D0-8D11-00A0C91BC942}") = "TowerDeffence", "TowerDeffence.vcxproj", "{8A467F86-3470-43F5-9884-841C27DD97EC}"
EndProject
Global
	GlobalSection(SolutionConfigurationPlatforms) = preSolution
		Debug|x64 = Debug|x64
		Release|x64 = Release|x64
	EndGlobalSection
	GlobalSection(ProjectConfigurationPlatforms) = postSolution
		{8A467F86-3470-43F5-9884-841C27DD97EC}.Debug|x64.ActiveCfg = Debug|x64
		{8A467F86-3470-43F5-9884-841C27DD97EC}.Debug|x64.Build.0 = Debug|x64
		{8A467F86-3470-43F5-9884-841C27DD97EC}.Release|x64.ActiveCfg = Release|x64
		{8A467F86-3470-43F5-9884-841C27DD97EC}.Release|x64.Build.0 = Release|x64
	EndGlobalSection
	GlobalSection(SolutionProperties) = preSolution
		HideSolutionNode = FALSE
	EndGlobalSection
	GlobalSection(ExtensibilityGlobals) = postSolution
		SolutionGuid = {F2D40D4A-D95A-4DA8-8289-4E406D60E837}
	EndGlobalSection
EndGlobal
